
Microsoft Visual Studio Solution File, Format Version 12.00
# Visual Studio Version 17
VisualStudioVersion = 17.14.36408.4 d17.14
MinimumVisualStudioVersion = 10.0.40219.1
Project("{2150E333-8FDC-42A3-9474-1A3956D46DE8}") = "Ingest", "Ingest", "{02EA681E-C7D8-13C7-8484-4AC65E1B71E8}"
EndProject
Project("{2150E333-8FDC-42A3-9474-1A3956D46DE8}") = "Chunk", "Chunk", "{42CE4277-368F-4058-90E5-52F6580EB6CC}"
EndProject
Project("{2150E333-8FDC-42A3-9474-1A3956D46DE8}") = "Query", "Query", "{421EC56A-4ACA-4092-AED9-EFA7F7EDE2B2}"
EndProject
Project("{2150E333-8FDC-42A3-9474-1A3956D46DE8}") = "Sink", "Sink", "{A435A443-02B5-48D3-BCAB-CA317EE5AFD7}"
EndProject
Project("{2150E333-8FDC-42A3-9474-1A3956D46DE8}") = "Shared", "Shared", "{377B4C49-4D80-47E6-92D3-5872BC83085C}"
EndProject
Project("{2150E333-8FDC-42A3-9474-1A3956D46DE8}") = "Ingest.Core", "Ingest.Core", "{7A2470F9-F213-4628-B0E1-664BC2A67338}"
EndProject
Project("{2150E333-8FDC-42A3-9474-1A3956D46DE8}") = "Ingest.Persistance", "Ingest.Persistance", "{EA7948CA-C042-4F15-917B-F289FE3BEC8C}"
EndProject
Project("{2150E333-8FDC-42A3-9474-1A3956D46DE8}") = "Ingest.Presentation", "Ingest.Presentation", "{5F05FD6F-B24F-43F4-AACA-BCC677A02B60}"
EndProject
Project("{2150E333-8FDC-42A3-9474-1A3956D46DE8}") = "Chunk.Core", "Chunk.Core", "{B8E0644C-AC0F-4683-B343-1D38C98997AB}"
EndProject
Project("{2150E333-8FDC-42A3-9474-1A3956D46DE8}") = "Chunk.Persistance", "Chunk.Persistance", "{715021FF-E38C-4E6C-A9CB-5E3D7CAFEA02}"
EndProject
Project("{2150E333-8FDC-42A3-9474-1A3956D46DE8}") = "Chunk.Presentation", "Chunk.Presentation", "{1AAEB878-3E8A-4072-A327-A15832EE587D}"
EndProject
Project("{2150E333-8FDC-42A3-9474-1A3956D46DE8}") = "Query.Core", "Query.Core", "{E111835B-58EB-4217-97C3-323B35B6B577}"
EndProject
Project("{2150E333-8FDC-42A3-9474-1A3956D46DE8}") = "Query.Presentation", "Query.Presentation", "{F668D05F-4458-458E-8359-33CCE644F828}"
EndProject
Project("{2150E333-8FDC-42A3-9474-1A3956D46DE8}") = "Query.Persistance", "Query.Persistance", "{0846239F-4C95-443D-A249-998356223EA6}"
EndProject
Project("{FAE04EC0-301F-11D3-BF4B-00C04F79EFBC}") = "Share.Kernel", "Shared\Share.Kernel\Share.Kernel.csproj", "{2F6AD75B-481A-404B-8D20-D74713F3A201}"
EndProject
Project("{FAE04EC0-301F-11D3-BF4B-00C04F79EFBC}") = "Shared.Messaging", "Shared\Shared.Messaging\Shared.Messaging.csproj", "{648CD163-4F65-4D90-AE6F-D33BFCB6C4FC}"
EndProject
Project("{FAE04EC0-301F-11D3-BF4B-00C04F79EFBC}") = "Shared.Infrastructure", "Shared\Shared.Infrastructure\Shared.Infrastructure.csproj", "{0C1319EF-95CE-42C1-8435-81EF7C0917B0}"
EndProject
Project("{2150E333-8FDC-42A3-9474-1A3956D46DE8}") = "Sink.Core", "Sink.Core", "{FAF8AFA5-A190-4B27-95A6-1B700220EC16}"
EndProject
Project("{2150E333-8FDC-42A3-9474-1A3956D46DE8}") = "Sink.Persistance", "Sink.Persistance", "{73DAD9A2-B634-4ACF-AE85-0FBE5F7A4E2F}"
EndProject
Project("{2150E333-8FDC-42A3-9474-1A3956D46DE8}") = "Sink.Presentation", "Sink.Presentation", "{ACDF7C7E-34AF-4660-BDE7-1371D1773CF6}"
EndProject
Project("{FAE04EC0-301F-11D3-BF4B-00C04F79EFBC}") = "Chunk.Api", "Chunk\Chunk.Presentation\Chunk.Api\Chunk.Api.csproj", "{2700DAA2-4BB4-47A0-A916-42484419DD1C}"
EndProject
Project("{FAE04EC0-301F-11D3-BF4B-00C04F79EFBC}") = "Chunk.Infrastructure", "Chunk\Chunk.Persistance\Chunk.Infrastructure\Chunk.Infrastructure.csproj", "{C3D85243-3DE0-48AC-B5F2-02CB85A2C1D5}"
EndProject
Project("{FAE04EC0-301F-11D3-BF4B-00C04F79EFBC}") = "Chunk.Kafka", "Chunk\Chunk.Persistance\Chunk.Kafka\Chunk.Kafka.csproj", "{83B67916-4E32-460C-AAAE-8AD53480871A}"
EndProject
Project("{FAE04EC0-301F-11D3-BF4B-00C04F79EFBC}") = "Chunk.Domain", "Chunk\Chunk.Core\Chunk.Domain\Chunk.Domain.csproj", "{B65D8E63-2AB1-4EBB-973E-07B40BEFBC9F}"
EndProject
Project("{FAE04EC0-301F-11D3-BF4B-00C04F79EFBC}") = "Chunk.Application", "Chunk\Chunk.Core\Chunk.Application\Chunk.Application.csproj", "{873B4E7A-68D7-4382-B538-4D5E63EC7F24}"
EndProject
Project("{2150E333-8FDC-42A3-9474-1A3956D46DE8}") = "Solution Items", "Solution Items", "{8EC462FD-D22E-90A8-E5CE-7E832BA40C5D}"
	ProjectSection(SolutionItems) = preProject
		docker-compose.yml = docker-compose.yml
	EndProjectSection
EndProject
Project("{FAE04EC0-301F-11D3-BF4B-00C04F79EFBC}") = "Ingest.Application", "Ingest\Ingest.Core\Ingest.Application\Ingest.Application.csproj", "{C2F8A355-1283-4696-97EF-B052FBB57AF1}"
EndProject
Project("{FAE04EC0-301F-11D3-BF4B-00C04F79EFBC}") = "Ingest.Domain", "Ingest\Ingest.Core\Ingest.Domain\Ingest.Domain.csproj", "{B556C940-6D32-4DE2-AC6F-58F0CCDA963E}"
EndProject
Project("{FAE04EC0-301F-11D3-BF4B-00C04F79EFBC}") = "Chunk.Contracts", "Chunk\Chunk.Persistance\Chunk.Contracts\Chunk.Contracts.csproj", "{BA2DA761-D5E7-49BF-BC88-D261925D63F9}"
EndProject
Project("{FAE04EC0-301F-11D3-BF4B-00C04F79EFBC}") = "Shared.Contracts", "Shared\Shared.Contracts\Shared.Contracts.csproj", "{60D120ED-3776-4245-BD3C-1F8CA3111605}"
EndProject
Project("{FAE04EC0-301F-11D3-BF4B-00C04F79EFBC}") = "Ingest.Infrastructure", "Ingest\Ingest.Persistance\Ingest.Infrastructure\Ingest.Infrastructure.csproj", "{1B41111D-5327-43E8-970A-79B4E7F86481}"
EndProject
Project("{FAE04EC0-301F-11D3-BF4B-00C04F79EFBC}") = "Ingest.Api", "Ingest\Ingest.Presentation\Ingest.Api\Ingest.Api.csproj", "{34D8B390-6DDF-4109-A7FC-88387044DC89}"
EndProject
Project("{FAE04EC0-301F-11D3-BF4B-00C04F79EFBC}") = "Ingest.Contracts", "Ingest\Ingest.Persistance\Ingest.Contracts\Ingest.Contracts.csproj", "{EC862AC3-7A30-4922-9645-3279A053E28B}"
EndProject
Project("{FAE04EC0-301F-11D3-BF4B-00C04F79EFBC}") = "Query.Domain", "Query\Query.Core\Query.Domain\Query.Domain.csproj", "{5098043C-5300-4346-84A4-F93BEAA92E5D}"
EndProject
Project("{FAE04EC0-301F-11D3-BF4B-00C04F79EFBC}") = "Query.Application", "Query\Query.Core\Query.Application\Query.Application.csproj", "{210AC9BB-9302-4647-8B1A-163A3E206C74}"
EndProject
Project("{FAE04EC0-301F-11D3-BF4B-00C04F79EFBC}") = "Query.Infrastructure", "Query\Query.Persistance\Query.Infrastructure\Query.Infrastructure.csproj", "{5994A64F-1D94-48B3-A3B4-6904B8BDA690}"
EndProject
Project("{FAE04EC0-301F-11D3-BF4B-00C04F79EFBC}") = "Query.Kafka", "Query\Query.Persistance\Query.Kafka\Query.Kafka.csproj", "{51CCA676-602A-48BA-9149-C59C3EBDECBE}"
EndProject
Project("{FAE04EC0-301F-11D3-BF4B-00C04F79EFBC}") = "Query.Contracts", "Query\Query.Persistance\Query.Contracts\Query.Contracts.csproj", "{A45ACAAF-A273-4504-8C11-6908DAB82A1F}"
EndProject
Project("{FAE04EC0-301F-11D3-BF4B-00C04F79EFBC}") = "Sink.Domain", "Sink\Sink.Core\Sink.Domain\Sink.Domain.csproj", "{97524ED9-C6F3-4212-B37A-18C5A3494C1A}"
EndProject
Project("{FAE04EC0-301F-11D3-BF4B-00C04F79EFBC}") = "Sink.Application", "Sink\Sink.Core\Sink.Application\Sink.Application.csproj", "{BBF64ECE-A56C-4B5B-9E6E-4D2C700822CE}"
EndProject
Project("{FAE04EC0-301F-11D3-BF4B-00C04F79EFBC}") = "Sink.Infrastructure", "Sink\Sink.Persistance\Sink.Infrastructure\Sink.Infrastructure.csproj", "{D39D7051-B7A0-4138-B25F-340B6E8AD621}"
EndProject
Project("{FAE04EC0-301F-11D3-BF4B-00C04F79EFBC}") = "Sink.Kafka", "Sink\Sink.Persistance\Sink.Kafka\Sink.Kafka.csproj", "{C6AB4C18-1D87-4FA7-9B29-1A791D939973}"
EndProject
Project("{FAE04EC0-301F-11D3-BF4B-00C04F79EFBC}") = "Sink.Contracts", "Sink\Sink.Persistance\Sink.Contracts\Sink.Contracts.csproj", "{A6A3819A-B824-4EE2-B706-1D3164346014}"
EndProject
Project("{FAE04EC0-301F-11D3-BF4B-00C04F79EFBC}") = "Sink.Api", "Sink\Sink.Presentation\Sink.Api\Sink.Api.csproj", "{9CC4D5BA-79C4-4725-A277-6D6A388B9C3A}"
EndProject
Project("{FAE04EC0-301F-11D3-BF4B-00C04F79EFBC}") = "Query.Api", "Query\Query.Presentation\Query.Api\Query.Api.csproj", "{9F25DBB1-092D-49A3-AE72-204591B9EB3B}"
EndProject
Global
	GlobalSection(SolutionConfigurationPlatforms) = preSolution
		Debug|Any CPU = Debug|Any CPU
		Release|Any CPU = Release|Any CPU
	EndGlobalSection
	GlobalSection(ProjectConfigurationPlatforms) = postSolution
		{2F6AD75B-481A-404B-8D20-D74713F3A201}.Debug|Any CPU.ActiveCfg = Debug|Any CPU
		{2F6AD75B-481A-404B-8D20-D74713F3A201}.Debug|Any CPU.Build.0 = Debug|Any CPU
		{2F6AD75B-481A-404B-8D20-D74713F3A201}.Release|Any CPU.ActiveCfg = Release|Any CPU
		{2F6AD75B-481A-404B-8D20-D74713F3A201}.Release|Any CPU.Build.0 = Release|Any CPU
		{648CD163-4F65-4D90-AE6F-D33BFCB6C4FC}.Debug|Any CPU.ActiveCfg = Debug|Any CPU
		{648CD163-4F65-4D90-AE6F-D33BFCB6C4FC}.Debug|Any CPU.Build.0 = Debug|Any CPU
		{648CD163-4F65-4D90-AE6F-D33BFCB6C4FC}.Release|Any CPU.ActiveCfg = Release|Any CPU
		{648CD163-4F65-4D90-AE6F-D33BFCB6C4FC}.Release|Any CPU.Build.0 = Release|Any CPU
		{0C1319EF-95CE-42C1-8435-81EF7C0917B0}.Debug|Any CPU.ActiveCfg = Debug|Any CPU
		{0C1319EF-95CE-42C1-8435-81EF7C0917B0}.Debug|Any CPU.Build.0 = Debug|Any CPU
		{0C1319EF-95CE-42C1-8435-81EF7C0917B0}.Release|Any CPU.ActiveCfg = Release|Any CPU
		{0C1319EF-95CE-42C1-8435-81EF7C0917B0}.Release|Any CPU.Build.0 = Release|Any CPU
		{2700DAA2-4BB4-47A0-A916-42484419DD1C}.Debug|Any CPU.ActiveCfg = Debug|Any CPU
		{2700DAA2-4BB4-47A0-A916-42484419DD1C}.Debug|Any CPU.Build.0 = Debug|Any CPU
		{2700DAA2-4BB4-47A0-A916-42484419DD1C}.Release|Any CPU.ActiveCfg = Release|Any CPU
		{2700DAA2-4BB4-47A0-A916-42484419DD1C}.Release|Any CPU.Build.0 = Release|Any CPU
		{C3D85243-3DE0-48AC-B5F2-02CB85A2C1D5}.Debug|Any CPU.ActiveCfg = Debug|Any CPU
		{C3D85243-3DE0-48AC-B5F2-02CB85A2C1D5}.Debug|Any CPU.Build.0 = Debug|Any CPU
		{C3D85243-3DE0-48AC-B5F2-02CB85A2C1D5}.Release|Any CPU.ActiveCfg = Release|Any CPU
		{C3D85243-3DE0-48AC-B5F2-02CB85A2C1D5}.Release|Any CPU.Build.0 = Release|Any CPU
		{83B67916-4E32-460C-AAAE-8AD53480871A}.Debug|Any CPU.ActiveCfg = Debug|Any CPU
		{83B67916-4E32-460C-AAAE-8AD53480871A}.Debug|Any CPU.Build.0 = Debug|Any CPU
		{83B67916-4E32-460C-AAAE-8AD53480871A}.Release|Any CPU.ActiveCfg = Release|Any CPU
		{83B67916-4E32-460C-AAAE-8AD53480871A}.Release|Any CPU.Build.0 = Release|Any CPU
		{B65D8E63-2AB1-4EBB-973E-07B40BEFBC9F}.Debug|Any CPU.ActiveCfg = Debug|Any CPU
		{B65D8E63-2AB1-4EBB-973E-07B40BEFBC9F}.Debug|Any CPU.Build.0 = Debug|Any CPU
		{B65D8E63-2AB1-4EBB-973E-07B40BEFBC9F}.Release|Any CPU.ActiveCfg = Release|Any CPU
		{B65D8E63-2AB1-4EBB-973E-07B40BEFBC9F}.Release|Any CPU.Build.0 = Release|Any CPU
		{873B4E7A-68D7-4382-B538-4D5E63EC7F24}.Debug|Any CPU.ActiveCfg = Debug|Any CPU
		{873B4E7A-68D7-4382-B538-4D5E63EC7F24}.Debug|Any CPU.Build.0 = Debug|Any CPU
		{873B4E7A-68D7-4382-B538-4D5E63EC7F24}.Release|Any CPU.ActiveCfg = Release|Any CPU
		{873B4E7A-68D7-4382-B538-4D5E63EC7F24}.Release|Any CPU.Build.0 = Release|Any CPU
		{C2F8A355-1283-4696-97EF-B052FBB57AF1}.Debug|Any CPU.ActiveCfg = Debug|Any CPU
		{C2F8A355-1283-4696-97EF-B052FBB57AF1}.Debug|Any CPU.Build.0 = Debug|Any CPU
		{C2F8A355-1283-4696-97EF-B052FBB57AF1}.Release|Any CPU.ActiveCfg = Release|Any CPU
		{C2F8A355-1283-4696-97EF-B052FBB57AF1}.Release|Any CPU.Build.0 = Release|Any CPU
		{B556C940-6D32-4DE2-AC6F-58F0CCDA963E}.Debug|Any CPU.ActiveCfg = Debug|Any CPU
		{B556C940-6D32-4DE2-AC6F-58F0CCDA963E}.Debug|Any CPU.Build.0 = Debug|Any CPU
		{B556C940-6D32-4DE2-AC6F-58F0CCDA963E}.Release|Any CPU.ActiveCfg = Release|Any CPU
		{B556C940-6D32-4DE2-AC6F-58F0CCDA963E}.Release|Any CPU.Build.0 = Release|Any CPU
		{BA2DA761-D5E7-49BF-BC88-D261925D63F9}.Debug|Any CPU.ActiveCfg = Debug|Any CPU
		{BA2DA761-D5E7-49BF-BC88-D261925D63F9}.Debug|Any CPU.Build.0 = Debug|Any CPU
		{BA2DA761-D5E7-49BF-BC88-D261925D63F9}.Release|Any CPU.ActiveCfg = Release|Any CPU
		{BA2DA761-D5E7-49BF-BC88-D261925D63F9}.Release|Any CPU.Build.0 = Release|Any CPU
		{60D120ED-3776-4245-BD3C-1F8CA3111605}.Debug|Any CPU.ActiveCfg = Debug|Any CPU
		{60D120ED-3776-4245-BD3C-1F8CA3111605}.Debug|Any CPU.Build.0 = Debug|Any CPU
		{60D120ED-3776-4245-BD3C-1F8CA3111605}.Release|Any CPU.ActiveCfg = Release|Any CPU
		{60D120ED-3776-4245-BD3C-1F8CA3111605}.Release|Any CPU.Build.0 = Release|Any CPU
		{1B41111D-5327-43E8-970A-79B4E7F86481}.Debug|Any CPU.ActiveCfg = Debug|Any CPU
		{1B41111D-5327-43E8-970A-79B4E7F86481}.Debug|Any CPU.Build.0 = Debug|Any CPU
		{1B41111D-5327-43E8-970A-79B4E7F86481}.Release|Any CPU.ActiveCfg = Release|Any CPU
		{1B41111D-5327-43E8-970A-79B4E7F86481}.Release|Any CPU.Build.0 = Release|Any CPU
		{34D8B390-6DDF-4109-A7FC-88387044DC89}.Debug|Any CPU.ActiveCfg = Debug|Any CPU
		{34D8B390-6DDF-4109-A7FC-88387044DC89}.Debug|Any CPU.Build.0 = Debug|Any CPU
		{34D8B390-6DDF-4109-A7FC-88387044DC89}.Release|Any CPU.ActiveCfg = Release|Any CPU
		{34D8B390-6DDF-4109-A7FC-88387044DC89}.Release|Any CPU.Build.0 = Release|Any CPU
		{EC862AC3-7A30-4922-9645-3279A053E28B}.Debug|Any CPU.ActiveCfg = Debug|Any CPU
		{EC862AC3-7A30-4922-9645-3279A053E28B}.Debug|Any CPU.Build.0 = Debug|Any CPU
		{EC862AC3-7A30-4922-9645-3279A053E28B}.Release|Any CPU.ActiveCfg = Release|Any CPU
		{EC862AC3-7A30-4922-9645-3279A053E28B}.Release|Any CPU.Build.0 = Release|Any CPU
		{5098043C-5300-4346-84A4-F93BEAA92E5D}.Debug|Any CPU.ActiveCfg = Debug|Any CPU
		{5098043C-5300-4346-84A4-F93BEAA92E5D}.Debug|Any CPU.Build.0 = Debug|Any CPU
		{5098043C-5300-4346-84A4-F93BEAA92E5D}.Release|Any CPU.ActiveCfg = Release|Any CPU
		{5098043C-5300-4346-84A4-F93BEAA92E5D}.Release|Any CPU.Build.0 = Release|Any CPU
		{210AC9BB-9302-4647-8B1A-163A3E206C74}.Debug|Any CPU.ActiveCfg = Debug|Any CPU
		{210AC9BB-9302-4647-8B1A-163A3E206C74}.Debug|Any CPU.Build.0 = Debug|Any CPU
		{210AC9BB-9302-4647-8B1A-163A3E206C74}.Release|Any CPU.ActiveCfg = Release|Any CPU
		{210AC9BB-9302-4647-8B1A-163A3E206C74}.Release|Any CPU.Build.0 = Release|Any CPU
		{5994A64F-1D94-48B3-A3B4-6904B8BDA690}.Debug|Any CPU.ActiveCfg = Debug|Any CPU
		{5994A64F-1D94-48B3-A3B4-6904B8BDA690}.Debug|Any CPU.Build.0 = Debug|Any CPU
		{5994A64F-1D94-48B3-A3B4-6904B8BDA690}.Release|Any CPU.ActiveCfg = Release|Any CPU
		{5994A64F-1D94-48B3-A3B4-6904B8BDA690}.Release|Any CPU.Build.0 = Release|Any CPU
		{51CCA676-602A-48BA-9149-C59C3EBDECBE}.Debug|Any CPU.ActiveCfg = Debug|Any CPU
		{51CCA676-602A-48BA-9149-C59C3EBDECBE}.Debug|Any CPU.Build.0 = Debug|Any CPU
		{51CCA676-602A-48BA-9149-C59C3EBDECBE}.Release|Any CPU.ActiveCfg = Release|Any CPU
		{51CCA676-602A-48BA-9149-C59C3EBDECBE}.Release|Any CPU.Build.0 = Release|Any CPU
		{A45ACAAF-A273-4504-8C11-6908DAB82A1F}.Debug|Any CPU.ActiveCfg = Debug|Any CPU
		{A45ACAAF-A273-4504-8C11-6908DAB82A1F}.Debug|Any CPU.Build.0 = Debug|Any CPU
		{A45ACAAF-A273-4504-8C11-6908DAB82A1F}.Release|Any CPU.ActiveCfg = Release|Any CPU
		{A45ACAAF-A273-4504-8C11-6908DAB82A1F}.Release|Any CPU.Build.0 = Release|Any CPU
		{97524ED9-C6F3-4212-B37A-18C5A3494C1A}.Debug|Any CPU.ActiveCfg = Debug|Any CPU
		{97524ED9-C6F3-4212-B37A-18C5A3494C1A}.Debug|Any CPU.Build.0 = Debug|Any CPU
		{97524ED9-C6F3-4212-B37A-18C5A3494C1A}.Release|Any CPU.ActiveCfg = Release|Any CPU
		{97524ED9-C6F3-4212-B37A-18C5A3494C1A}.Release|Any CPU.Build.0 = Release|Any CPU
		{BBF64ECE-A56C-4B5B-9E6E-4D2C700822CE}.Debug|Any CPU.ActiveCfg = Debug|Any CPU
		{BBF64ECE-A56C-4B5B-9E6E-4D2C700822CE}.Debug|Any CPU.Build.0 = Debug|Any CPU
		{BBF64ECE-A56C-4B5B-9E6E-4D2C700822CE}.Release|Any CPU.ActiveCfg = Release|Any CPU
		{BBF64ECE-A56C-4B5B-9E6E-4D2C700822CE}.Release|Any CPU.Build.0 = Release|Any CPU
		{D39D7051-B7A0-4138-B25F-340B6E8AD621}.Debug|Any CPU.ActiveCfg = Debug|Any CPU
		{D39D7051-B7A0-4138-B25F-340B6E8AD621}.Debug|Any CPU.Build.0 = Debug|Any CPU
		{D39D7051-B7A0-4138-B25F-340B6E8AD621}.Release|Any CPU.ActiveCfg = Release|Any CPU
		{D39D7051-B7A0-4138-B25F-340B6E8AD621}.Release|Any CPU.Build.0 = Release|Any CPU
		{C6AB4C18-1D87-4FA7-9B29-1A791D939973}.Debug|Any CPU.ActiveCfg = Debug|Any CPU
		{C6AB4C18-1D87-4FA7-9B29-1A791D939973}.Debug|Any CPU.Build.0 = Debug|Any CPU
		{C6AB4C18-1D87-4FA7-9B29-1A791D939973}.Release|Any CPU.ActiveCfg = Release|Any CPU
		{C6AB4C18-1D87-4FA7-9B29-1A791D939973}.Release|Any CPU.Build.0 = Release|Any CPU
		{A6A3819A-B824-4EE2-B706-1D3164346014}.Debug|Any CPU.ActiveCfg = Debug|Any CPU
		{A6A3819A-B824-4EE2-B706-1D3164346014}.Debug|Any CPU.Build.0 = Debug|Any CPU
		{A6A3819A-B824-4EE2-B706-1D3164346014}.Release|Any CPU.ActiveCfg = Release|Any CPU
		{A6A3819A-B824-4EE2-B706-1D3164346014}.Release|Any CPU.Build.0 = Release|Any CPU
		{9CC4D5BA-79C4-4725-A277-6D6A388B9C3A}.Debug|Any CPU.ActiveCfg = Debug|Any CPU
		{9CC4D5BA-79C4-4725-A277-6D6A388B9C3A}.Debug|Any CPU.Build.0 = Debug|Any CPU
		{9CC4D5BA-79C4-4725-A277-6D6A388B9C3A}.Release|Any CPU.ActiveCfg = Release|Any CPU
		{9CC4D5BA-79C4-4725-A277-6D6A388B9C3A}.Release|Any CPU.Build.0 = Release|Any CPU
		{9F25DBB1-092D-49A3-AE72-204591B9EB3B}.Debug|Any CPU.ActiveCfg = Debug|Any CPU
		{9F25DBB1-092D-49A3-AE72-204591B9EB3B}.Debug|Any CPU.Build.0 = Debug|Any CPU
		{9F25DBB1-092D-49A3-AE72-204591B9EB3B}.Release|Any CPU.ActiveCfg = Release|Any CPU
		{9F25DBB1-092D-49A3-AE72-204591B9EB3B}.Release|Any CPU.Build.0 = Release|Any CPU
	EndGlobalSection
	GlobalSection(SolutionProperties) = preSolution
		HideSolutionNode = FALSE
	EndGlobalSection
	GlobalSection(NestedProjects) = preSolution
		{7A2470F9-F213-4628-B0E1-664BC2A67338} = {02EA681E-C7D8-13C7-8484-4AC65E1B71E8}
		{EA7948CA-C042-4F15-917B-F289FE3BEC8C} = {02EA681E-C7D8-13C7-8484-4AC65E1B71E8}
		{5F05FD6F-B24F-43F4-AACA-BCC677A02B60} = {02EA681E-C7D8-13C7-8484-4AC65E1B71E8}
		{B8E0644C-AC0F-4683-B343-1D38C98997AB} = {42CE4277-368F-4058-90E5-52F6580EB6CC}
		{715021FF-E38C-4E6C-A9CB-5E3D7CAFEA02} = {42CE4277-368F-4058-90E5-52F6580EB6CC}
		{1AAEB878-3E8A-4072-A327-A15832EE587D} = {42CE4277-368F-4058-90E5-52F6580EB6CC}
		{E111835B-58EB-4217-97C3-323B35B6B577} = {421EC56A-4ACA-4092-AED9-EFA7F7EDE2B2}
		{F668D05F-4458-458E-8359-33CCE644F828} = {421EC56A-4ACA-4092-AED9-EFA7F7EDE2B2}
		{0846239F-4C95-443D-A249-998356223EA6} = {421EC56A-4ACA-4092-AED9-EFA7F7EDE2B2}
		{2F6AD75B-481A-404B-8D20-D74713F3A201} = {377B4C49-4D80-47E6-92D3-5872BC83085C}
		{648CD163-4F65-4D90-AE6F-D33BFCB6C4FC} = {377B4C49-4D80-47E6-92D3-5872BC83085C}
		{0C1319EF-95CE-42C1-8435-81EF7C0917B0} = {377B4C49-4D80-47E6-92D3-5872BC83085C}
		{FAF8AFA5-A190-4B27-95A6-1B700220EC16} = {A435A443-02B5-48D3-BCAB-CA317EE5AFD7}
		{73DAD9A2-B634-4ACF-AE85-0FBE5F7A4E2F} = {A435A443-02B5-48D3-BCAB-CA317EE5AFD7}
		{ACDF7C7E-34AF-4660-BDE7-1371D1773CF6} = {A435A443-02B5-48D3-BCAB-CA317EE5AFD7}
		{2700DAA2-4BB4-47A0-A916-42484419DD1C} = {1AAEB878-3E8A-4072-A327-A15832EE587D}
		{C3D85243-3DE0-48AC-B5F2-02CB85A2C1D5} = {715021FF-E38C-4E6C-A9CB-5E3D7CAFEA02}
		{83B67916-4E32-460C-AAAE-8AD53480871A} = {715021FF-E38C-4E6C-A9CB-5E3D7CAFEA02}
		{B65D8E63-2AB1-4EBB-973E-07B40BEFBC9F} = {B8E0644C-AC0F-4683-B343-1D38C98997AB}
		{873B4E7A-68D7-4382-B538-4D5E63EC7F24} = {B8E0644C-AC0F-4683-B343-1D38C98997AB}
		{C2F8A355-1283-4696-97EF-B052FBB57AF1} = {7A2470F9-F213-4628-B0E1-664BC2A67338}
		{B556C940-6D32-4DE2-AC6F-58F0CCDA963E} = {7A2470F9-F213-4628-B0E1-664BC2A67338}
		{BA2DA761-D5E7-49BF-BC88-D261925D63F9} = {715021FF-E38C-4E6C-A9CB-5E3D7CAFEA02}
		{60D120ED-3776-4245-BD3C-1F8CA3111605} = {377B4C49-4D80-47E6-92D3-5872BC83085C}
		{1B41111D-5327-43E8-970A-79B4E7F86481} = {EA7948CA-C042-4F15-917B-F289FE3BEC8C}
		{34D8B390-6DDF-4109-A7FC-88387044DC89} = {5F05FD6F-B24F-43F4-AACA-BCC677A02B60}
		{EC862AC3-7A30-4922-9645-3279A053E28B} = {EA7948CA-C042-4F15-917B-F289FE3BEC8C}
		{5098043C-5300-4346-84A4-F93BEAA92E5D} = {E111835B-58EB-4217-97C3-323B35B6B577}
		{210AC9BB-9302-4647-8B1A-163A3E206C74} = {E111835B-58EB-4217-97C3-323B35B6B577}
		{5994A64F-1D94-48B3-A3B4-6904B8BDA690} = {0846239F-4C95-443D-A249-998356223EA6}
		{51CCA676-602A-48BA-9149-C59C3EBDECBE} = {0846239F-4C95-443D-A249-998356223EA6}
		{A45ACAAF-A273-4504-8C11-6908DAB82A1F} = {0846239F-4C95-443D-A249-998356223EA6}
		{97524ED9-C6F3-4212-B37A-18C5A3494C1A} = {FAF8AFA5-A190-4B27-95A6-1B700220EC16}
		{BBF64ECE-A56C-4B5B-9E6E-4D2C700822CE} = {FAF8AFA5-A190-4B27-95A6-1B700220EC16}
		{D39D7051-B7A0-4138-B25F-340B6E8AD621} = {73DAD9A2-B634-4ACF-AE85-0FBE5F7A4E2F}
		{C6AB4C18-1D87-4FA7-9B29-1A791D939973} = {73DAD9A2-B634-4ACF-AE85-0FBE5F7A4E2F}
		{A6A3819A-B824-4EE2-B706-1D3164346014} = {73DAD9A2-B634-4ACF-AE85-0FBE5F7A4E2F}
		{9CC4D5BA-79C4-4725-A277-6D6A388B9C3A} = {ACDF7C7E-34AF-4660-BDE7-1371D1773CF6}
		{9F25DBB1-092D-49A3-AE72-204591B9EB3B} = {F668D05F-4458-458E-8359-33CCE644F828}
	EndGlobalSection
	GlobalSection(ExtensibilityGlobals) = postSolution
		SolutionGuid = {194483D1-719A-4A60-96E1-DD88222FDFCE}
	EndGlobalSection
EndGlobal
